
Microsoft Visual Studio Solution File, Format Version 12.00
# Visual Studio Version 17
VisualStudioVersion = 17.6.33815.320
MinimumVisualStudioVersion = 10.0.40219.1
Project("{FAE04EC0-301F-11D3-BF4B-00C04F79EFBC}") = "TestExamApi", "TestExamApi\TestExamApi.csproj", "{C67226EF-4866-403B-9DA8-1CDD4C2C27CE}"
EndProject
Project("{FAE04EC0-301F-11D3-BF4B-00C04F79EFBC}") = "TestExamPortal", "TestExamPortal\TestExamPortal.csproj", "{FEE450BF-3C36-42FA-BDD8-075C042A9846}"
EndProject
Global
	GlobalSection(SolutionConfigurationPlatforms) = preSolution
		Debug|Any CPU = Debug|Any CPU
		Release|Any CPU = Release|Any CPU
	EndGlobalSection
	GlobalSection(ProjectConfigurationPlatforms) = postSolution
		{C67226EF-4866-403B-9DA8-1CDD4C2C27CE}.Debug|Any CPU.ActiveCfg = Debug|Any CPU
		{C67226EF-4866-403B-9DA8-1CDD4C2C27CE}.Debug|Any CPU.Build.0 = Debug|Any CPU
		{C67226EF-4866-403B-9DA8-1CDD4C2C27CE}.Release|Any CPU.ActiveCfg = Release|Any CPU
		{C67226EF-4866-403B-9DA8-1CDD4C2C27CE}.Release|Any CPU.Build.0 = Release|Any CPU
		{FEE450BF-3C36-42FA-BDD8-075C042A9846}.Debug|Any CPU.ActiveCfg = Debug|Any CPU
		{FEE450BF-3C36-42FA-BDD8-075C042A9846}.Debug|Any CPU.Build.0 = Debug|Any CPU
		{FEE450BF-3C36-42FA-BDD8-075C042A9846}.Release|Any CPU.ActiveCfg = Release|Any CPU
		{FEE450BF-3C36-42FA-BDD8-075C042A9846}.Release|Any CPU.Build.0 = Release|Any CPU
	EndGlobalSection
	GlobalSection(SolutionProperties) = preSolution
		HideSolutionNode = FALSE
	EndGlobalSection
	GlobalSection(ExtensibilityGlobals) = postSolution
		SolutionGuid = {F6274883-78E6-46FF-967E-CA159D0F42CA}
	EndGlobalSection
EndGlobal
